
Microsoft Visual Studio Solution File, Format Version 12.00
# Visual Studio Version 17
VisualStudioVersion = 17.3.32929.385
MinimumVisualStudioVersion = 10.0.40219.1
Project("{FAE04EC0-301F-11D3-BF4B-00C04F79EFBC}") = "HUY", "HUY\HUY.csproj", "{DD8D011C-F07F-4A15-A2CA-F37A65828ED7}"
EndProject
Global
	GlobalSection(SolutionConfigurationPlatforms) = preSolution
		Debug|Any CPU = Debug|Any CPU
		Release|Any CPU = Release|Any CPU
	EndGlobalSection
	GlobalSection(ProjectConfigurationPlatforms) = postSolution
		{DD8D011C-F07F-4A15-A2CA-F37A65828ED7}.Debug|Any CPU.ActiveCfg = Debug|Any CPU
		{DD8D011C-F07F-4A15-A2CA-F37A65828ED7}.Debug|Any CPU.Build.0 = Debug|Any CPU
		{DD8D011C-F07F-4A15-A2CA-F37A65828ED7}.Release|Any CPU.ActiveCfg = Release|Any CPU
		{DD8D011C-F07F-4A15-A2CA-F37A65828ED7}.Release|Any CPU.Build.0 = Release|Any CPU
	EndGlobalSection
	GlobalSection(SolutionProperties) = preSolution
		HideSolutionNode = FALSE
	EndGlobalSection
	GlobalSection(ExtensibilityGlobals) = postSolution
		SolutionGuid = {91EAAA44-7C0B-4C82-B398-CF8733788AA7}
	EndGlobalSection
EndGlobal
